
Microsoft Visual Studio Solution File, Format Version 12.00
# Visual Studio Version 17
VisualStudioVersion = 17.6.33723.286
MinimumVisualStudioVersion = 10.0.40219.1
Project("{9A19103F-16F7-4668-BE54-9A1E7A4F7556}") = "YashenWebApp", "YashenWebApp\YashenWebApp.csproj", "{801FD942-3F86-4013-A53C-F473F4E2064C}"
EndProject
Global
	GlobalSection(SolutionConfigurationPlatforms) = preSolution
		Debug|Any CPU = Debug|Any CPU
		Release|Any CPU = Release|Any CPU
	EndGlobalSection
	GlobalSection(ProjectConfigurationPlatforms) = postSolution
		{801FD942-3F86-4013-A53C-F473F4E2064C}.Debug|Any CPU.ActiveCfg = Debug|Any CPU
		{801FD942-3F86-4013-A53C-F473F4E2064C}.Debug|Any CPU.Build.0 = Debug|Any CPU
		{801FD942-3F86-4013-A53C-F473F4E2064C}.Release|Any CPU.ActiveCfg = Release|Any CPU
		{801FD942-3F86-4013-A53C-F473F4E2064C}.Release|Any CPU.Build.0 = Release|Any CPU
	EndGlobalSection
	GlobalSection(SolutionProperties) = preSolution
		HideSolutionNode = FALSE
	EndGlobalSection
	GlobalSection(ExtensibilityGlobals) = postSolution
		SolutionGuid = {E2337691-6691-42AD-AEDE-8B4AA107DFEC}
	EndGlobalSection
EndGlobal
